<?xml version="1.0" encoding="utf-8"?>
<Project ToolsVersion="4.0" xmlns="http://schemas.microsoft.com/developer/msbuild/2003">
  <ItemGroup>
    <Filter Include="Source Files">
      <UniqueIdentifier>{4FC737F1-C7A5-4376-A066-2A32D752A2FF}</UniqueIdentifier>
      <Extensions>cpp;c;cc;cxx;c++;cppm;ixx;def;odl;idl;hpj;bat;asm;asmx</Extensions>
    </Filter>
    <Filter Include="Header Files">
      <UniqueIdentifier>{93995380-89BD-4b04-88EB-625FBE52EBFB}</UniqueIdentifier>
      <Extensions>h;hh;hpp;hxx;h++;hm;inl;inc;ipp;xsd</Extensions>
    </Filter>
    <Filter Include="Resource Files">
      <UniqueIdentifier>{67DA6AB6-F800-4c08-8B7A-83BB121AAD01}</UniqueIdentifier>
      <Extensions>rc;ico;cur;bmp;dlg;rc2;rct;bin;rgs;gif;jpg;jpeg;jpe;resx;tiff;tif;png;wav;mfcribbon-ms</Extensions>
    </Filter>
    <Filter Include="Source Files\Authorization">
      <UniqueIdentifier>{9608febb-3151-466d-8a36-aa31ef3e4e0e}</UniqueIdentifier>
    </Filter>
    <Filter Include="Source Files\Product">
      <UniqueIdentifier>{48fe7142-a153-4ac8-81d6-60e23e7638f8}</UniqueIdentifier>
    </Filter>
    <Filter Include="Source Files\Television">
      <UniqueIdentifier>{611cae78-fdc2-48ee-994e-9d9d7eb1df5d}</UniqueIdentifier>
    </Filter>
    <Filter Include="Source Files\StoreProducts">
      <UniqueIdentifier>{9be67d6e-72a0-41f7-a8ae-d1ab87441899}</UniqueIdentifier>
    </Filter>
    <Filter Include="Source Files\Phone">
      <UniqueIdentifier>{36f12520-b0e0-4ca0-a7e5-102d86ed3467}</UniqueIdentifier>
    </Filter>
  </ItemGroup>
  <ItemGroup>
    <ClCompile Include="Store2.cpp">
      <Filter>Source Files</Filter>
    </ClCompile>
    <ClCompile Include="..\..\Store\Store\Authorization.cpp">
      <Filter>Source Files\Authorization</Filter>
    </ClCompile>
    <ClCompile Include="Product.cpp">
      <Filter>Source Files\Product</Filter>
    </ClCompile>
    <ClCompile Include="Television.cpp">
      <Filter>Source Files\Television</Filter>
    </ClCompile>
    <ClCompile Include="Phone.cpp">
      <Filter>Source Files\Phone</Filter>
    </ClCompile>
    <ClCompile Include="products.txt">
      <Filter>Source Files</Filter>
    </ClCompile>
  </ItemGroup>
  <ItemGroup>
    <ClInclude Include="Authorization.h">
      <Filter>Source Files\Authorization</Filter>
    </ClInclude>
    <ClInclude Include="Product.h">
      <Filter>Source Files\Product</Filter>
    </ClInclude>
    <ClInclude Include="Television.h">
      <Filter>Source Files\Television</Filter>
    </ClInclude>
    <ClInclude Include="Phone.h">
      <Filter>Source Files\Phone</Filter>
    </ClInclude>
  </ItemGroup>
  <ItemGroup>
    <None Include="..\..\Store\.gitignore" />
  </ItemGroup>
</Project>